
Microsoft Visual Studio Solution File, Format Version 12.00
# Visual Studio Version 17
VisualStudioVersion = 17.11.35303.130
MinimumVisualStudioVersion = 10.0.40219.1
Project("{FAE04EC0-301F-11D3-BF4B-00C04F79EFBC}") = "asm", "asm.csproj", "{5EEFE30E-2B2D-49CC-9FEA-864B3042A89A}"
EndProject
Global
	GlobalSection(SolutionConfigurationPlatforms) = preSolution
		Debug|Any CPU = Debug|Any CPU
		Release|Any CPU = Release|Any CPU
	EndGlobalSection
	GlobalSection(ProjectConfigurationPlatforms) = postSolution
		{5EEFE30E-2B2D-49CC-9FEA-864B3042A89A}.Debug|Any CPU.ActiveCfg = Debug|Any CPU
		{5EEFE30E-2B2D-49CC-9FEA-864B3042A89A}.Debug|Any CPU.Build.0 = Debug|Any CPU
		{5EEFE30E-2B2D-49CC-9FEA-864B3042A89A}.Release|Any CPU.ActiveCfg = Release|Any CPU
		{5EEFE30E-2B2D-49CC-9FEA-864B3042A89A}.Release|Any CPU.Build.0 = Release|Any CPU
	EndGlobalSection
	GlobalSection(SolutionProperties) = preSolution
		HideSolutionNode = FALSE
	EndGlobalSection
	GlobalSection(ExtensibilityGlobals) = postSolution
		SolutionGuid = {AD998077-6DA3-4C64-BB84-C2706BD1BDB3}
	EndGlobalSection
EndGlobal
